#MicroXplorer Configuration settings - do not modify
Dma.Request0=USART3_RX
Dma.Request1=USART1_RX
Dma.Request2=SPI2_RX
Dma.Request3=SPI2_TX
Dma.RequestsNb=4
Dma.SPI2_RX.2.Direction=DMA_PERIPH_TO_MEMORY
Dma.SPI2_RX.2.FIFOMode=DMA_FIFOMODE_DISABLE
Dma.SPI2_RX.2.Instance=DMA1_Stream3
Dma.SPI2_RX.2.MemDataAlignment=DMA_MDATAALIGN_BYTE
Dma.SPI2_RX.2.MemInc=DMA_MINC_ENABLE
Dma.SPI2_RX.2.Mode=DMA_NORMAL
Dma.SPI2_RX.2.PeriphDataAlignment=DMA_PDATAALIGN_BYTE
Dma.SPI2_RX.2.PeriphInc=DMA_PINC_DISABLE
Dma.SPI2_RX.2.Priority=DMA_PRIORITY_LOW
Dma.SPI2_RX.2.RequestParameters=Instance,Direction,PeriphInc,MemInc,PeriphDataAlignment,MemDataAlignment,Mode,Priority,FIFOMode
Dma.SPI2_TX.3.Direction=DMA_MEMORY_TO_PERIPH
Dma.SPI2_TX.3.FIFOMode=DMA_FIFOMODE_DISABLE
Dma.SPI2_TX.3.Instance=DMA1_Stream4
Dma.SPI2_TX.3.MemDataAlignment=DMA_MDATAALIGN_BYTE
Dma.SPI2_TX.3.MemInc=DMA_MINC_ENABLE
Dma.SPI2_TX.3.Mode=DMA_NORMAL
Dma.SPI2_TX.3.PeriphDataAlignment=DMA_PDATAALIGN_BYTE
Dma.SPI2_TX.3.PeriphInc=DMA_PINC_DISABLE
Dma.SPI2_TX.3.Priority=DMA_PRIORITY_LOW
Dma.SPI2_TX.3.RequestParameters=Instance,Direction,PeriphInc,MemInc,PeriphDataAlignment,MemDataAlignment,Mode,Priority,FIFOMode
Dma.USART1_RX.1.Direction=DMA_PERIPH_TO_MEMORY
Dma.USART1_RX.1.FIFOMode=DMA_FIFOMODE_DISABLE
Dma.USART1_RX.1.Instance=DMA2_Stream2
Dma.USART1_RX.1.MemDataAlignment=DMA_MDATAALIGN_BYTE
Dma.USART1_RX.1.MemInc=DMA_MINC_ENABLE
Dma.USART1_RX.1.Mode=DMA_CIRCULAR
Dma.USART1_RX.1.PeriphDataAlignment=DMA_PDATAALIGN_BYTE
Dma.USART1_RX.1.PeriphInc=DMA_PINC_DISABLE
Dma.USART1_RX.1.Priority=DMA_PRIORITY_LOW
Dma.USART1_RX.1.RequestParameters=Instance,Direction,PeriphInc,MemInc,PeriphDataAlignment,MemDataAlignment,Mode,Priority,FIFOMode
Dma.USART3_RX.0.Direction=DMA_PERIPH_TO_MEMORY
Dma.USART3_RX.0.FIFOMode=DMA_FIFOMODE_DISABLE
Dma.USART3_RX.0.Instance=DMA1_Stream1
Dma.USART3_RX.0.MemDataAlignment=DMA_MDATAALIGN_BYTE
Dma.USART3_RX.0.MemInc=DMA_MINC_ENABLE
Dma.USART3_RX.0.Mode=DMA_CIRCULAR
Dma.USART3_RX.0.PeriphDataAlignment=DMA_PDATAALIGN_BYTE
Dma.USART3_RX.0.PeriphInc=DMA_PINC_DISABLE
Dma.USART3_RX.0.Priority=DMA_PRIORITY_LOW
Dma.USART3_RX.0.RequestParameters=Instance,Direction,PeriphInc,MemInc,PeriphDataAlignment,MemDataAlignment,Mode,Priority,FIFOMode
File.Version=6
I2C1.DutyCycle=I2C_DUTYCYCLE_2
I2C1.I2C_Mode=I2C_Fast
I2C1.IPParameters=I2C_Mode,DutyCycle
KeepUserPlacement=false
Mcu.Family=STM32F4
Mcu.IP0=DMA
Mcu.IP1=I2C1
Mcu.IP2=NVIC
Mcu.IP3=RCC
Mcu.IP4=SPI2
Mcu.IP5=SYS
Mcu.IP6=TIM2
Mcu.IP7=USART1
Mcu.IP8=USART3
Mcu.IPNb=9
Mcu.Name=STM32F446R(C-E)Tx
Mcu.Package=LQFP64
Mcu.Pin0=PC2
Mcu.Pin1=PC3
Mcu.Pin10=PB15
Mcu.Pin11=PA9
Mcu.Pin12=PA10
Mcu.Pin13=PA15
Mcu.Pin14=PC10
Mcu.Pin15=PC11
Mcu.Pin16=PB3
Mcu.Pin17=PB4
Mcu.Pin18=PB5
Mcu.Pin19=PB7
Mcu.Pin2=PA1
Mcu.Pin20=PB8
Mcu.Pin21=PB9
Mcu.Pin22=VP_SYS_VS_Systick
Mcu.Pin3=PA6
Mcu.Pin4=PA7
Mcu.Pin5=PB1
Mcu.Pin6=PB2
Mcu.Pin7=PB10
Mcu.Pin8=PB13
Mcu.Pin9=PB14
Mcu.PinsNb=23
Mcu.UserConstants=
Mcu.UserName=STM32F446RETx
MxCube.Version=4.20.0
MxDb.Version=DB.4.0.200
NVIC.BusFault_IRQn=true\:0\:0\:false\:false\:true
NVIC.DMA1_Stream1_IRQn=true\:0\:0\:false\:false\:true
NVIC.DMA1_Stream3_IRQn=true\:0\:0\:false\:false\:true
NVIC.DMA1_Stream4_IRQn=true\:0\:0\:false\:false\:true
NVIC.DMA2_Stream2_IRQn=true\:0\:0\:false\:false\:true
NVIC.DebugMonitor_IRQn=true\:0\:0\:false\:false\:true
NVIC.EXTI1_IRQn=true\:0\:0\:false\:false\:true
NVIC.EXTI2_IRQn=true\:0\:0\:false\:false\:true
NVIC.EXTI9_5_IRQn=true\:0\:0\:false\:false\:true
NVIC.HardFault_IRQn=true\:0\:0\:false\:false\:true
NVIC.MemoryManagement_IRQn=true\:0\:0\:false\:false\:true
NVIC.NonMaskableInt_IRQn=true\:0\:0\:false\:false\:true
NVIC.PendSV_IRQn=true\:0\:0\:false\:false\:true
NVIC.PriorityGroup=NVIC_PRIORITYGROUP_4
NVIC.SVCall_IRQn=true\:0\:0\:false\:false\:true
NVIC.SysTick_IRQn=true\:0\:0\:false\:false\:true
NVIC.UsageFault_IRQn=true\:0\:0\:false\:false\:true
PA1.Signal=S_TIM2_CH2
PA10.Mode=Asynchronous
PA10.Signal=USART1_RX
PA15.Locked=true
PA15.Signal=S_TIM2_CH1_ETR
PA6.Locked=true
PA6.Signal=GPIO_Output
PA7.Locked=true
PA7.Signal=GPIO_Output
PA9.Mode=Asynchronous
PA9.Signal=USART1_TX
PB1.GPIOParameters=GPIO_Label
PB1.GPIO_Label=GYRO INT
PB1.Locked=true
PB1.Signal=GPXTI1
PB10.Signal=S_TIM2_CH3
PB13.Mode=Full_Duplex_Master
PB13.Signal=SPI2_SCK
PB14.Mode=Full_Duplex_Master
PB14.Signal=SPI2_MISO
PB15.Locked=true
PB15.Mode=Full_Duplex_Master
PB15.Signal=SPI2_MOSI
PB2.Locked=true
PB2.Signal=S_TIM2_CH4
PB3.GPIOParameters=GPIO_Label
PB3.GPIO_Label=US1 TRIG
PB3.Locked=true
PB3.Signal=EVENTOUT
PB4.GPIOParameters=GPIO_Label
PB4.GPIO_Label=SPI2 CS
PB4.Locked=true
PB4.Signal=GPIO_Output
PB5.GPIOParameters=GPIO_Label
PB5.GPIO_Label=US1 ECHO
PB5.Locked=true
PB5.Signal=GPXTI5
PB7.GPIOParameters=GPIO_Label
PB7.GPIO_Label=WIFI RST
PB7.Locked=true
PB7.Signal=EVENTOUT
PB8.Locked=true
PB8.Mode=I2C
PB8.Signal=I2C1_SCL
PB9.Locked=true
PB9.Mode=I2C
PB9.Signal=I2C1_SDA
PC10.Mode=Asynchronous
PC10.Signal=USART3_TX
PC11.Locked=true
PC11.Mode=Asynchronous
PC11.Signal=USART3_RX
PC2.GPIOParameters=GPIO_Label
PC2.GPIO_Label=US2 ECHO
PC2.Locked=true
PC2.Signal=GPXTI2
PC3.GPIOParameters=GPIO_Label
PC3.GPIO_Label=US2 TRIG
PC3.Locked=true
PC3.Signal=EVENTOUT
PCC.Checker=false
PCC.Line=STM32F446
PCC.MCU=STM32F446R(C-E)Tx
PCC.MXVersion=4.20.0
PCC.PartNumber=STM32F446RETx
PCC.Seq0=0
PCC.Series=STM32F4
PCC.Temperature=25
PCC.Vdd=null
ProjectManager.AskForMigrate=true
ProjectManager.BackupPrevious=false
ProjectManager.CompilerOptimize=2
ProjectManager.ComputerToolchain=false
ProjectManager.CoupleFile=false
ProjectManager.CustomerFirmwarePackage=
ProjectManager.DefaultFWLocation=true
ProjectManager.DeletePrevious=true
ProjectManager.DeviceId=STM32F446RETx
ProjectManager.FirmwarePackage=STM32Cube FW_F4 V1.15.0
ProjectManager.FreePins=false
ProjectManager.HalAssertFull=false
ProjectManager.HeapSize=0x200
ProjectManager.KeepUserCode=true
ProjectManager.LastFirmware=true
ProjectManager.LibraryCopy=0
ProjectManager.PreviousToolchain=
ProjectManager.ProjectBuild=false
ProjectManager.ProjectFileName=cube.ioc
ProjectManager.ProjectName=cube
ProjectManager.StackSize=0x400
ProjectManager.TargetToolchain=EWARM
ProjectManager.ToolChainLocation=\\C\:\\Users\\michp\\Desktop\\CubeProject\\cube\\
ProjectManager.UnderRoot=false
ProjectManager.functionlistsort=1-MX_GPIO_Init-GPIO-false-HAL,2-MX_DMA_Init-DMA-false-HAL,3-SystemClock_Config-RCC-false-HAL,4-MX_USART3_UART_Init-USART3-false-HAL,5-MX_TIM2_Init-TIM2-false-HAL,6-MX_I2C1_Init-I2C1-false-HAL,7-MX_USART1_UART_Init-USART1-false-HAL,8-MX_SPI2_Init-SPI2-false-HAL
RCC.CECEnable=false
RCC.CECFreq_Value=32786.88524590164
RCC.ClockTypeHCLK=RCC_CLOCKTYPE_HCLK
RCC.ClockTypePCLK1=RCC_CLOCKTYPE_PCLK1
RCC.ClockTypePCLK2=RCC_CLOCKTYPE_PCLK2
RCC.ClockTypeSysClk=RCC_CLOCKTYPE_SYSCLK
RCC.CortexFreq_Value=16000000
RCC.EnableFMPI2C1=false
RCC.EnableHSE=false
RCC.EnableHSERTCDevisor=false
RCC.EnableI2S1=false
RCC.EnableI2S2=false
RCC.EnableLSE=false
RCC.EnableLSERTC=false
RCC.EnableSAIA=false
RCC.EnableSAIB=false
RCC.EnableSDIO=false
RCC.EnableSPDIF=false
RCC.EnableUSB=false
RCC.EnbaleCSS=false
RCC.ExtClockEnable=false
RCC.FamilyName=M
RCC.HSEState=RCC_HSE_OFF
RCC.HSIState=RCC_HSI_ON
RCC.IPParameters=CECEnable,CECFreq_Value,ClockTypeHCLK,ClockTypePCLK1,ClockTypePCLK2,ClockTypeSysClk,CortexFreq_Value,EnableFMPI2C1,EnableHSE,EnableHSERTCDevisor,EnableI2S1,EnableI2S2,EnableLSE,EnableLSERTC,EnableSAIA,EnableSAIB,EnableSDIO,EnableSPDIF,EnableUSB,EnbaleCSS,ExtClockEnable,FamilyName,HSEState,HSIState,IWDGEnable,LSIState,MCO1OutPutEnable,MCO2OutPutEnable,OscillatorTypeHSE,OscillatorTypeHSI,OscillatorTypeLSI,PLLCLKFreq_Value,PLLI2SPCLKFreq_Value,PLLI2SQCLKFreq_Value,PLLI2SRCLKFreq_Value,PLLQCLKFreq_Value,PLLRCLKFreq_Value,PLLSAIPCLKFreq_Value,PLLSAIQCLKFreq_Value,PLLSource,PLLSourceVirtual,PLLState,RCC_RTC_Clock_Source,RCC_RTC_Clock_SourceVirtual,RTCEnable,SAIAFreq_Value,SAIBFreq_Value,SDIOFreq_Value,USBFreq_Value,VCOI2SInputFreq_Value,VCOI2SOutputFreq_Value,VCOInputFreq_Value,VCOOutputFreq_Value,VCOSAIInputFreq_Value,VCOSAIOutputFreq_Value
RCC.IWDGEnable=false
RCC.LSIState=RCC_LSI_OFF
RCC.MCO1OutPutEnable=false
RCC.MCO2OutPutEnable=false
RCC.OscillatorTypeHSE=
RCC.OscillatorTypeHSI=RCC_OSCILLATORTYPE_HSI
RCC.OscillatorTypeLSI=
RCC.PLLCLKFreq_Value=96000000
RCC.PLLI2SPCLKFreq_Value=96000000
RCC.PLLI2SQCLKFreq_Value=96000000
RCC.PLLI2SRCLKFreq_Value=96000000
RCC.PLLQCLKFreq_Value=96000000
RCC.PLLRCLKFreq_Value=96000000
RCC.PLLSAIPCLKFreq_Value=96000000
RCC.PLLSAIQCLKFreq_Value=96000000
RCC.PLLSource=RCC_PLLSOURCE_HSI
RCC.PLLSourceVirtual=RCC_PLLSOURCE_HSI
RCC.PLLState=RCC_PLL_OFF
RCC.RCC_RTC_Clock_Source=RCC_RTCCLKSOURCE_LSI
RCC.RCC_RTC_Clock_SourceVirtual=RCC_RTCCLKSOURCE_LSI
RCC.RTCEnable=false
RCC.SAIAFreq_Value=96000000
RCC.SAIBFreq_Value=96000000
RCC.SDIOFreq_Value=96000000
RCC.USBFreq_Value=96000000
RCC.VCOI2SInputFreq_Value=1000000
RCC.VCOI2SOutputFreq_Value=192000000
RCC.VCOInputFreq_Value=1000000
RCC.VCOOutputFreq_Value=192000000
RCC.VCOSAIInputFreq_Value=1000000
RCC.VCOSAIOutputFreq_Value=192000000
SH.GPXTI1.0=GPIO_EXTI1
SH.GPXTI1.ConfNb=1
SH.GPXTI2.0=GPIO_EXTI2
SH.GPXTI2.ConfNb=1
SH.GPXTI5.0=GPIO_EXTI5
SH.GPXTI5.ConfNb=1
SH.S_TIM2_CH1_ETR.0=TIM2_CH1,PWM Generation1 CH1
SH.S_TIM2_CH1_ETR.ConfNb=1
SH.S_TIM2_CH2.0=TIM2_CH2,PWM Generation2 CH2
SH.S_TIM2_CH2.ConfNb=1
SH.S_TIM2_CH3.0=TIM2_CH3,PWM Generation3 CH3
SH.S_TIM2_CH3.ConfNb=1
SH.S_TIM2_CH4.0=TIM2_CH4,PWM Generation4 CH4
SH.S_TIM2_CH4.ConfNb=1
SPI2.CRCPolynomial=10
SPI2.CalculateBaudRate=8.0 MBits/s
SPI2.Direction=SPI_DIRECTION_2LINES
SPI2.IPParameters=CalculateBaudRate,VirtualType,Mode,Direction,CRCPolynomial
SPI2.Mode=SPI_MODE_MASTER
SPI2.VirtualType=VM_MASTER
TIM2.Channel-PWM\ Generation1\ CH1=TIM_CHANNEL_1
TIM2.Channel-PWM\ Generation2\ CH2=TIM_CHANNEL_2
TIM2.Channel-PWM\ Generation3\ CH3=TIM_CHANNEL_3
TIM2.Channel-PWM\ Generation4\ CH4=TIM_CHANNEL_4
TIM2.IPParameters=Channel-PWM Generation2 CH2,Channel-PWM Generation3 CH3,Channel-PWM Generation4 CH4,Channel-PWM Generation1 CH1
USART1.HwFlowCtl-Asynchronous=UART_HWCONTROL_NONE
USART1.IPParameters=VirtualMode,HwFlowCtl-Asynchronous
USART1.VirtualMode=VM_ASYNC
USART3.HwFlowCtl-Asynchronous=UART_HWCONTROL_NONE
USART3.IPParameters=VirtualMode,HwFlowCtl-Asynchronous
USART3.VirtualMode=VM_ASYNC
VP_SYS_VS_Systick.Mode=SysTick
VP_SYS_VS_Systick.Signal=SYS_VS_Systick
board=cube
